dependencies:
- name: library
  repository: https://hmctspublic.azurecr.io/helm/v1/repo/
  version: 0.4.3
- name: core
  repository: https://neuvector.github.io/neuvector-helm/
  version: 1.6.9
digest: sha256:681b9b6c3768dfbb23cd278a5b992052ffba9abd253b57626342cad9db69aabd
generated: "2021-02-09T11:58:23.833692Z"
