dependencies:
- name: library
  repository: https://hmctspublic.azurecr.io/helm/v1/repo/
  version: 0.4.3
- name: core
  repository: https://neuvector.github.io/neuvector-helm/
  version: 1.7.0
- name: crd
  repository: https://neuvector.github.io/neuvector-helm/
  version: 1.6.9
digest: sha256:d13d52237df2e19e4dadd8a7d60e3e1fd470fa6369ecd2a0184d1e781b9670a0
generated: "2021-02-12T15:24:15.061945Z"
