dependencies:
- name: library
  repository: https://hmctspublic.azurecr.io/helm/v1/repo/
  version: 0.4.3
- name: core
  repository: https://neuvector.github.io/neuvector-helm/
  version: 1.6.9
- name: crd
  repository: https://neuvector.github.io/neuvector-helm/
  version: 1.6.9
digest: sha256:44150940ed1c676718d0e9405e64629bd252a048eae811891f38944f0e8a38da
generated: "2021-02-09T12:13:27.527268Z"
